<?xml version="1.0" encoding="utf-8"?>
<Project ToolsVersion="4.0" xmlns="http://schemas.microsoft.com/developer/msbuild/2003">
  <ItemGroup>
    <Filter Include="99.Defines">
      <UniqueIdentifier>{37245821-5652-4848-90f3-ec27937dfd46}</UniqueIdentifier>
    </Filter>
    <Filter Include="00.System">
      <UniqueIdentifier>{630dae8d-7503-4301-b4f7-b409514ebb65}</UniqueIdentifier>
    </Filter>
    <Filter Include="01.Utility">
      <UniqueIdentifier>{d776ebd3-c661-4c4f-8b54-dea4f7531c4c}</UniqueIdentifier>
    </Filter>
    <Filter Include="01.Utility\99.SuperClass">
      <UniqueIdentifier>{18ff1381-7ca6-41bc-ad8e-37bf49541ca2}</UniqueIdentifier>
    </Filter>
    <Filter Include="00.System\00.Device">
      <UniqueIdentifier>{a85eb5b1-6f87-4d90-a148-1b4f111eb42c}</UniqueIdentifier>
    </Filter>
    <Filter Include="00.System\01.Timer">
      <UniqueIdentifier>{07463831-1f4f-4873-9b45-7282663105cc}</UniqueIdentifier>
    </Filter>
    <Filter Include="00.System\01.Timer\Manager">
      <UniqueIdentifier>{d5b358ab-b72c-41a0-b63c-e54a931c1ba9}</UniqueIdentifier>
    </Filter>
    <Filter Include="01.Utility\00.GameInstance">
      <UniqueIdentifier>{494835d1-b19e-48a3-9397-08546c78d06f}</UniqueIdentifier>
    </Filter>
    <Filter Include="01.Utility\01.Level">
      <UniqueIdentifier>{bc507e7a-8dfe-407a-9fa8-450593cf7a6c}</UniqueIdentifier>
    </Filter>
    <Filter Include="01.Utility\01.Level\Manager">
      <UniqueIdentifier>{7948ab38-e6ee-4863-a245-52d85d6df654}</UniqueIdentifier>
    </Filter>
    <Filter Include="01.Utility\03.Objects">
      <UniqueIdentifier>{25068e27-be4c-4e46-b366-060c59fc6cf2}</UniqueIdentifier>
    </Filter>
    <Filter Include="01.Utility\03.Objects\Manager">
      <UniqueIdentifier>{13f943fa-8d97-49a9-9115-deb3cae75072}</UniqueIdentifier>
    </Filter>
    <Filter Include="01.Utility\02.Prototypes">
      <UniqueIdentifier>{9392a245-0078-4c2d-b1dd-d3e6deb0a718}</UniqueIdentifier>
    </Filter>
    <Filter Include="01.Utility\02.Prototypes\Manager">
      <UniqueIdentifier>{6ac75329-7bb6-43de-bdc7-6b5dade8a518}</UniqueIdentifier>
    </Filter>
    <Filter Include="01.Utility\04.Components">
      <UniqueIdentifier>{1d985f36-3444-4db5-b18d-f9aa023ad0ff}</UniqueIdentifier>
    </Filter>
    <Filter Include="01.Utility\03.Objects\Layer">
      <UniqueIdentifier>{822d4864-9e8c-46ea-8c8d-1e4033b09ac1}</UniqueIdentifier>
    </Filter>
    <Filter Include="01.Utility\05.Renderer">
      <UniqueIdentifier>{d795d937-732b-4e5a-b183-699a28e732db}</UniqueIdentifier>
    </Filter>
    <Filter Include="01.Utility\04.Components\Transform">
      <UniqueIdentifier>{834422bb-e73b-4827-8889-91ec9a5323b9}</UniqueIdentifier>
    </Filter>
    <Filter Include="01.Utility\04.Components\VIBuffer">
      <UniqueIdentifier>{699cd1d9-b51c-4fc7-833a-b945503d0fb2}</UniqueIdentifier>
    </Filter>
    <Filter Include="01.Utility\04.Components\VIBuffer\Rect">
      <UniqueIdentifier>{840d1bed-a866-48e3-9158-25f04e7dab16}</UniqueIdentifier>
    </Filter>
    <Filter Include="01.Utility\04.Components\Shader">
      <UniqueIdentifier>{d2c2ef37-a460-4dcb-9ec2-25f37f4b3161}</UniqueIdentifier>
    </Filter>
    <Filter Include="01.Utility\03.Objects\UIObject">
      <UniqueIdentifier>{aa2008ea-a4e0-4ac7-bd16-15ff5fbe0d24}</UniqueIdentifier>
    </Filter>
    <Filter Include="01.Utility\04.Components\Texture">
      <UniqueIdentifier>{49378769-131c-4570-8030-3c2b8252fba4}</UniqueIdentifier>
    </Filter>
    <Filter Include="01.Utility\04.Components\VIBuffer\Terrain">
      <UniqueIdentifier>{8bcb41f2-bcff-4fbc-98f1-aabf2bd45ae1}</UniqueIdentifier>
    </Filter>
    <Filter Include="01.Utility\03.Objects\Camera">
      <UniqueIdentifier>{95fceb76-6d25-4a28-b5a5-bad5119a77b0}</UniqueIdentifier>
    </Filter>
    <Filter Include="01.Utility\Lights">
      <UniqueIdentifier>{761b8508-3032-473b-a005-895ed422deca}</UniqueIdentifier>
    </Filter>
    <Filter Include="01.Utility\StateMachine">
      <UniqueIdentifier>{23afa59e-9677-4054-912a-b3918113744a}</UniqueIdentifier>
    </Filter>
    <Filter Include="01.Utility\Animation">
      <UniqueIdentifier>{bfa42bcd-47c5-4f3d-a3d2-d0d9f48942e8}</UniqueIdentifier>
    </Filter>
    <Filter Include="01.Utility\Event">
      <UniqueIdentifier>{bdd67f0e-28c5-4b59-847e-49680dcd5e40}</UniqueIdentifier>
    </Filter>
    <Filter Include="01.Utility\04.Components\VIBuffer\Model">
      <UniqueIdentifier>{e2d059aa-c4d7-446d-82aa-54d5e43dd1b0}</UniqueIdentifier>
    </Filter>
    <Filter Include="01.Utility\04.Components\Collider">
      <UniqueIdentifier>{c04c831b-d986-49d9-bacb-0b51894e2d0e}</UniqueIdentifier>
    </Filter>
  </ItemGroup>
  <ItemGroup>
    <ClInclude Include="..\Public\Engine_Defines.h">
      <Filter>99.Defines</Filter>
    </ClInclude>
    <ClInclude Include="..\Public\Engine_Macro.h">
      <Filter>99.Defines</Filter>
    </ClInclude>
    <ClInclude Include="..\Public\Engine_Struct.h">
      <Filter>99.Defines</Filter>
    </ClInclude>
    <ClInclude Include="..\Public\Engine_Typedef.h">
      <Filter>99.Defines</Filter>
    </ClInclude>
    <ClInclude Include="..\Public\Engine_Function.h">
      <Filter>99.Defines</Filter>
    </ClInclude>
    <ClInclude Include="..\public\Base.h">
      <Filter>01.Utility\99.SuperClass</Filter>
    </ClInclude>
    <ClInclude Include="..\Public\Graphic_Device.h">
      <Filter>00.System\00.Device</Filter>
    </ClInclude>
    <ClInclude Include="..\Public\Timer.h">
      <Filter>00.System\01.Timer</Filter>
    </ClInclude>
    <ClInclude Include="..\Public\Timer_Manager.h">
      <Filter>00.System\01.Timer\Manager</Filter>
    </ClInclude>
    <ClInclude Include="..\public\GameInstance.h">
      <Filter>01.Utility\00.GameInstance</Filter>
    </ClInclude>
    <ClInclude Include="..\public\Level.h">
      <Filter>01.Utility\01.Level</Filter>
    </ClInclude>
    <ClInclude Include="..\public\Level_Manager.h">
      <Filter>01.Utility\01.Level\Manager</Filter>
    </ClInclude>
    <ClInclude Include="..\public\GameObject.h">
      <Filter>01.Utility\03.Objects</Filter>
    </ClInclude>
    <ClInclude Include="..\public\Object_Manager.h">
      <Filter>01.Utility\03.Objects\Manager</Filter>
    </ClInclude>
    <ClInclude Include="..\public\Prototype_Manager.h">
      <Filter>01.Utility\02.Prototypes\Manager</Filter>
    </ClInclude>
    <ClInclude Include="..\public\Component.h">
      <Filter>01.Utility\04.Components</Filter>
    </ClInclude>
    <ClInclude Include="..\public\Layer.h">
      <Filter>01.Utility\03.Objects\Layer</Filter>
    </ClInclude>
    <ClInclude Include="..\public\Renderer.h">
      <Filter>01.Utility\05.Renderer</Filter>
    </ClInclude>
    <ClInclude Include="..\public\Transform.h">
      <Filter>01.Utility\04.Components\Transform</Filter>
    </ClInclude>
    <ClInclude Include="..\public\VIBuffer.h">
      <Filter>01.Utility\04.Components\VIBuffer</Filter>
    </ClInclude>
    <ClInclude Include="..\public\VIBuffer_Rect.h">
      <Filter>01.Utility\04.Components\VIBuffer\Rect</Filter>
    </ClInclude>
    <ClInclude Include="..\public\Shader.h">
      <Filter>01.Utility\04.Components\Shader</Filter>
    </ClInclude>
    <ClInclude Include="..\public\UIObject.h">
      <Filter>01.Utility\03.Objects\UIObject</Filter>
    </ClInclude>
    <ClInclude Include="..\public\Texture.h">
      <Filter>01.Utility\04.Components\Texture</Filter>
    </ClInclude>
    <ClInclude Include="..\public\VIBuffer_Terrain.h">
      <Filter>01.Utility\04.Components\VIBuffer\Terrain</Filter>
    </ClInclude>
    <ClInclude Include="..\Public\Input_Device.h">
      <Filter>00.System</Filter>
    </ClInclude>
    <ClInclude Include="..\Public\UIManager.h">
      <Filter>01.Utility\03.Objects\Manager</Filter>
    </ClInclude>
    <ClInclude Include="..\Public\Controller.h">
      <Filter>00.System</Filter>
    </ClInclude>
    <ClInclude Include="..\Public\PipeLine.h">
      <Filter>00.System</Filter>
    </ClInclude>
    <ClInclude Include="..\Public\Camera.h">
      <Filter>01.Utility\03.Objects\Camera</Filter>
    </ClInclude>
    <ClInclude Include="..\Public\Camera_UI.h">
      <Filter>01.Utility\03.Objects\Camera</Filter>
    </ClInclude>
    <ClInclude Include="..\Public\Rect_Transform.h">
      <Filter>01.Utility\04.Components\Transform</Filter>
    </ClInclude>
    <ClInclude Include="..\Public\json.hpp">
      <Filter>00.System</Filter>
    </ClInclude>
    <ClInclude Include="..\Public\Light_Manager.h">
      <Filter>01.Utility\Lights</Filter>
    </ClInclude>
    <ClInclude Include="..\Public\Light.h">
      <Filter>01.Utility\Lights</Filter>
    </ClInclude>
    <ClInclude Include="resource.h" />
    <ClInclude Include="..\Public\Pawn.h">
      <Filter>01.Utility\03.Objects</Filter>
    </ClInclude>
    <ClInclude Include="..\Public\Transition.h">
      <Filter>01.Utility\StateMachine</Filter>
    </ClInclude>
    <ClInclude Include="..\Public\StateMachine.h">
      <Filter>01.Utility\StateMachine</Filter>
    </ClInclude>
    <ClInclude Include="..\Public\State.h">
      <Filter>01.Utility\StateMachine</Filter>
    </ClInclude>
    <ClInclude Include="..\Public\Animation.h">
      <Filter>01.Utility\Animation</Filter>
    </ClInclude>
    <ClInclude Include="..\Public\Bone.h">
      <Filter>01.Utility\Animation</Filter>
    </ClInclude>
    <ClInclude Include="..\Public\Channel.h">
      <Filter>01.Utility\Animation</Filter>
    </ClInclude>
    <ClInclude Include="..\Public\Condition.h">
      <Filter>01.Utility\StateMachine</Filter>
    </ClInclude>
    <ClInclude Include="..\Public\Event.h">
      <Filter>01.Utility\Event</Filter>
    </ClInclude>
    <ClInclude Include="..\Public\EventHandlerWrapper.h">
      <Filter>01.Utility\Event</Filter>
    </ClInclude>
    <ClInclude Include="..\Public\EventHandlerWrapperInterface.h">
      <Filter>01.Utility\Event</Filter>
    </ClInclude>
    <ClInclude Include="..\Public\EventManager.h">
      <Filter>01.Utility\Event</Filter>
    </ClInclude>
    <ClInclude Include="..\Public\Mesh.h">
      <Filter>01.Utility\04.Components\VIBuffer\Model</Filter>
    </ClInclude>
    <ClInclude Include="..\Public\Material.h">
      <Filter>01.Utility\04.Components\VIBuffer\Model</Filter>
    </ClInclude>
    <ClInclude Include="..\Public\Model.h">
      <Filter>01.Utility\04.Components\VIBuffer\Model</Filter>
    </ClInclude>
    <ClInclude Include="..\Public\MeshCollider.h">
      <Filter>01.Utility\04.Components\Collider</Filter>
    </ClInclude>
    <ClInclude Include="..\Public\Collider.h">
      <Filter>01.Utility\04.Components\Collider</Filter>
    </ClInclude>
    <ClInclude Include="..\Public\JsonParser.h">
      <Filter>01.Utility</Filter>
    </ClInclude>
    <ClInclude Include="..\Public\Physics.h">
      <Filter>01.Utility</Filter>
    </ClInclude>
    <ClInclude Include="..\Public\Engine_Utility.h">
      <Filter>01.Utility</Filter>
    </ClInclude>
    <ClInclude Include="..\Public\ContainerObject.h" />
    <ClInclude Include="..\Public\MimicBone.h" />
    <ClInclude Include="..\Public\Collider_AABB.h" />
    <ClInclude Include="..\Public\Collider_Sphere.h" />
    <ClInclude Include="..\Public\DebugDraw.h" />
    <ClInclude Include="..\Public\CollisionManager.h" />
    <ClInclude Include="..\Public\Collider_Frustum.h" />
    <ClInclude Include="..\Public\RenderTarget.h" />
    <ClInclude Include="..\Public\RenderTarget_Manager.h" />
    <ClInclude Include="..\Public\ObjectPool.h" />
    <ClInclude Include="..\Public\Collider_Cylinder.h" />
    <ClInclude Include="..\Public\DragableUI.h" />
    <ClInclude Include="..\Public\FontManager.h" />
    <ClInclude Include="..\Public\CustomFont.h" />
    <ClInclude Include="..\Public\VIBuffer_Particle_Point.h" />
    <ClInclude Include="..\Public\VIBuffer_Particle_Instance.h" />
  </ItemGroup>
  <ItemGroup>
    <ClCompile Include="..\private\Base.cpp">
      <Filter>01.Utility\99.SuperClass</Filter>
    </ClCompile>
    <ClCompile Include="..\Private\Graphic_Device.cpp">
      <Filter>00.System\00.Device</Filter>
    </ClCompile>
    <ClCompile Include="..\Private\Timer.cpp">
      <Filter>00.System\01.Timer</Filter>
    </ClCompile>
    <ClCompile Include="..\Private\Timer_Manager.cpp">
      <Filter>00.System\01.Timer\Manager</Filter>
    </ClCompile>
    <ClCompile Include="..\private\GameInstance.cpp">
      <Filter>01.Utility\00.GameInstance</Filter>
    </ClCompile>
    <ClCompile Include="..\private\Level.cpp">
      <Filter>01.Utility\01.Level</Filter>
    </ClCompile>
    <ClCompile Include="..\private\Level_Manager.cpp">
      <Filter>01.Utility\01.Level\Manager</Filter>
    </ClCompile>
    <ClCompile Include="..\private\GameObject.cpp">
      <Filter>01.Utility\03.Objects</Filter>
    </ClCompile>
    <ClCompile Include="..\private\Object_Manager.cpp">
      <Filter>01.Utility\03.Objects\Manager</Filter>
    </ClCompile>
    <ClCompile Include="..\private\Prototype_Manager.cpp">
      <Filter>01.Utility\02.Prototypes\Manager</Filter>
    </ClCompile>
    <ClCompile Include="..\private\Component.cpp">
      <Filter>01.Utility\04.Components</Filter>
    </ClCompile>
    <ClCompile Include="..\private\Layer.cpp">
      <Filter>01.Utility\03.Objects\Layer</Filter>
    </ClCompile>
    <ClCompile Include="..\private\Renderer.cpp">
      <Filter>01.Utility\05.Renderer</Filter>
    </ClCompile>
    <ClCompile Include="..\private\Transform.cpp">
      <Filter>01.Utility\04.Components\Transform</Filter>
    </ClCompile>
    <ClCompile Include="..\private\VIBuffer.cpp">
      <Filter>01.Utility\04.Components\VIBuffer</Filter>
    </ClCompile>
    <ClCompile Include="..\private\VIBuffer_Rect.cpp">
      <Filter>01.Utility\04.Components\VIBuffer\Rect</Filter>
    </ClCompile>
    <ClCompile Include="..\private\Shader.cpp">
      <Filter>01.Utility\04.Components\Shader</Filter>
    </ClCompile>
    <ClCompile Include="..\private\UIObject.cpp">
      <Filter>01.Utility\03.Objects\UIObject</Filter>
    </ClCompile>
    <ClCompile Include="..\private\Texture.cpp">
      <Filter>01.Utility\04.Components\Texture</Filter>
    </ClCompile>
    <ClCompile Include="..\Public\Engine_Struct.cpp">
      <Filter>99.Defines</Filter>
    </ClCompile>
    <ClCompile Include="..\private\VIBuffer_Terrain.cpp">
      <Filter>01.Utility\04.Components\VIBuffer\Terrain</Filter>
    </ClCompile>
    <ClCompile Include="..\Private\Input_Device.cpp">
      <Filter>00.System</Filter>
    </ClCompile>
    <ClCompile Include="..\Private\UIManager.cpp">
      <Filter>01.Utility\03.Objects\Manager</Filter>
    </ClCompile>
    <ClCompile Include="..\Private\Controller.cpp">
      <Filter>00.System</Filter>
    </ClCompile>
    <ClCompile Include="..\Private\PipeLine.cpp">
      <Filter>00.System</Filter>
    </ClCompile>
    <ClCompile Include="..\Private\Camera.cpp">
      <Filter>01.Utility\03.Objects\Camera</Filter>
    </ClCompile>
    <ClCompile Include="..\Private\Camera_UI.cpp">
      <Filter>01.Utility\03.Objects\Camera</Filter>
    </ClCompile>
    <ClCompile Include="..\Private\Rect_Transform.cpp">
      <Filter>01.Utility\04.Components\Transform</Filter>
    </ClCompile>
    <ClCompile Include="..\Private\Light_Manager.cpp">
      <Filter>01.Utility\Lights</Filter>
    </ClCompile>
    <ClCompile Include="..\Private\Light.cpp">
      <Filter>01.Utility\Lights</Filter>
    </ClCompile>
    <ClCompile Include="..\Private\Pawn.cpp">
      <Filter>01.Utility\03.Objects</Filter>
    </ClCompile>
    <ClCompile Include="..\Private\Transition.cpp">
      <Filter>01.Utility\StateMachine</Filter>
    </ClCompile>
    <ClCompile Include="..\Private\StateMachine.cpp">
      <Filter>01.Utility\StateMachine</Filter>
    </ClCompile>
    <ClCompile Include="..\Private\State.cpp">
      <Filter>01.Utility\StateMachine</Filter>
    </ClCompile>
    <ClCompile Include="..\Private\Animation.cpp">
      <Filter>01.Utility\Animation</Filter>
    </ClCompile>
    <ClCompile Include="..\Private\Bone.cpp">
      <Filter>01.Utility\Animation</Filter>
    </ClCompile>
    <ClCompile Include="..\Private\Channel.cpp">
      <Filter>01.Utility\Animation</Filter>
    </ClCompile>
    <ClCompile Include="..\Private\Condition.cpp">
      <Filter>01.Utility\StateMachine</Filter>
    </ClCompile>
    <ClCompile Include="..\Private\Event.cpp">
      <Filter>01.Utility\Event</Filter>
    </ClCompile>
    <ClCompile Include="..\Private\EventHandlerWrapperInterface.cpp">
      <Filter>01.Utility\Event</Filter>
    </ClCompile>
    <ClCompile Include="..\Private\EventManager.cpp">
      <Filter>01.Utility\Event</Filter>
    </ClCompile>
    <ClCompile Include="..\Private\Mesh.cpp">
      <Filter>01.Utility\04.Components\VIBuffer\Model</Filter>
    </ClCompile>
    <ClCompile Include="..\Public\Material.cpp">
      <Filter>01.Utility\04.Components\VIBuffer\Model</Filter>
    </ClCompile>
    <ClCompile Include="..\Private\Model.cpp">
      <Filter>01.Utility\04.Components\VIBuffer\Model</Filter>
    </ClCompile>
    <ClCompile Include="..\Private\MeshCollider.cpp">
      <Filter>01.Utility\04.Components\Collider</Filter>
    </ClCompile>
    <ClCompile Include="..\Private\Collider.cpp">
      <Filter>01.Utility\04.Components\Collider</Filter>
    </ClCompile>
    <ClCompile Include="..\Private\JsonParser.cpp">
      <Filter>01.Utility</Filter>
    </ClCompile>
    <ClCompile Include="..\Private\Physics.cpp">
      <Filter>01.Utility</Filter>
    </ClCompile>
    <ClCompile Include="..\Private\Engine_Utility.cpp">
      <Filter>01.Utility</Filter>
    </ClCompile>
    <ClCompile Include="..\Private\ContainerObject.cpp" />
    <ClCompile Include="..\Private\MimicBone.cpp" />
    <ClCompile Include="..\Private\Collider_AABB.cpp" />
    <ClCompile Include="..\Private\Collider_Sphere.cpp" />
    <ClCompile Include="..\Private\DebugDraw.cpp" />
    <ClCompile Include="..\Private\CollisionManager.cpp" />
    <ClCompile Include="..\Private\Collider_Frustum.cpp" />
    <ClCompile Include="..\Private\RenderTarget.cpp" />
    <ClCompile Include="..\Private\RenderTarget_Manager.cpp" />
    <ClCompile Include="..\Private\ObjectPool.cpp" />
    <ClCompile Include="..\Private\Collider_Cylinder.cpp" />
    <ClCompile Include="..\Private\DragableUI.cpp" />
    <ClCompile Include="..\Private\FontManager.cpp" />
    <ClCompile Include="..\Private\CustomFont.cpp" />
    <ClCompile Include="..\Private\VIBuffer_Particle_Point.cpp" />
    <ClCompile Include="..\Private\VIBuffer_Particle_Instance.cpp" />
  </ItemGroup>
  <ItemGroup>
    <ResourceCompile Include="Engine.rc" />
  </ItemGroup>
  <ItemGroup>
    <None Include="..\Bin\ShaderFiles\Engine_Shader_Define.hlsli" />
  </ItemGroup>
  <ItemGroup>
    <FxCompile Include="..\Bin\ShaderFiles\Shader_Deferred.hlsl" />
  </ItemGroup>
</Project>