<?xml version="1.0" encoding="utf-8"?>
<Project ToolsVersion="4.0" xmlns="http://schemas.microsoft.com/developer/msbuild/2003">
  <ItemGroup>
    <Filter Include="00.MainApp">
      <UniqueIdentifier>{8a04cd48-d0a3-40b9-bb6b-1beb6dae084f}</UniqueIdentifier>
    </Filter>
    <Filter Include="98.Default">
      <UniqueIdentifier>{83624520-0af8-4f63-928f-098474f7205e}</UniqueIdentifier>
    </Filter>
    <Filter Include="99.Defines">
      <UniqueIdentifier>{c565c25b-6d60-44f6-ba0c-04d5b02f55ec}</UniqueIdentifier>
    </Filter>
    <Filter Include="01.Levels">
      <UniqueIdentifier>{524b3d92-f939-4011-9f1f-b84e0a4295d4}</UniqueIdentifier>
    </Filter>
    <Filter Include="01.Levels\00.Loading">
      <UniqueIdentifier>{9c9e3581-7b11-486a-b8ed-f1bf2c8203e4}</UniqueIdentifier>
    </Filter>
    <Filter Include="01.Levels\01.Logo">
      <UniqueIdentifier>{46c6a7a5-85f9-435f-a798-e2f7338a9ee1}</UniqueIdentifier>
    </Filter>
    <Filter Include="01.Levels\02.GamePlay">
      <UniqueIdentifier>{2c493118-6b95-4b96-9bec-06bb0c78b659}</UniqueIdentifier>
    </Filter>
    <Filter Include="01.Levels\00.Loading\Loader">
      <UniqueIdentifier>{a724fb95-d038-4e5d-bfbe-756409406213}</UniqueIdentifier>
    </Filter>
    <Filter Include="02.GameObjects">
      <UniqueIdentifier>{08173490-4f8c-4caf-9689-e4649fd9fdda}</UniqueIdentifier>
    </Filter>
    <Filter Include="02.GameObjects\BackGround">
      <UniqueIdentifier>{826be8e2-eb2d-4dae-94e0-00f6b8aeffd1}</UniqueIdentifier>
    </Filter>
    <Filter Include="97.ShaderFiles">
      <UniqueIdentifier>{f52d961a-a8ab-4793-977f-7b9901752462}</UniqueIdentifier>
    </Filter>
    <Filter Include="02.GameObjects\Terrain">
      <UniqueIdentifier>{e6a4b0c2-ccf7-402c-b8d4-f9df611c51e1}</UniqueIdentifier>
    </Filter>
    <Filter Include="02.GameObjects\Camera">
      <UniqueIdentifier>{00e45712-9edf-464f-82ec-3640f71c11c0}</UniqueIdentifier>
    </Filter>
    <Filter Include="02.GameObjects\UI">
      <UniqueIdentifier>{5728882f-9567-45f8-a69f-da4578fc21ef}</UniqueIdentifier>
    </Filter>
    <Filter Include="Component">
      <UniqueIdentifier>{90c1c120-5850-469e-8728-6b703058719f}</UniqueIdentifier>
    </Filter>
    <Filter Include="Event">
      <UniqueIdentifier>{7af1fd5a-45f7-432e-827a-8321b10ab56b}</UniqueIdentifier>
    </Filter>
    <Filter Include="NewFilter1">
      <UniqueIdentifier>{77196950-675c-4530-a079-eedf12a2a296}</UniqueIdentifier>
    </Filter>
  </ItemGroup>
  <ItemGroup>
    <ClInclude Include="Client.h">
      <Filter>98.Default</Filter>
    </ClInclude>
    <ClInclude Include="Resource.h">
      <Filter>98.Default</Filter>
    </ClInclude>
    <ClInclude Include="stdafx.h">
      <Filter>98.Default</Filter>
    </ClInclude>
    <ClInclude Include="targetver.h">
      <Filter>98.Default</Filter>
    </ClInclude>
    <ClInclude Include="..\public\MainApp.h">
      <Filter>00.MainApp</Filter>
    </ClInclude>
    <ClInclude Include="..\Public\Client_Defines.h">
      <Filter>99.Defines</Filter>
    </ClInclude>
    <ClInclude Include="..\public\Level_Loading.h">
      <Filter>01.Levels\00.Loading</Filter>
    </ClInclude>
    <ClInclude Include="..\Public\Level_Logo.h">
      <Filter>01.Levels\01.Logo</Filter>
    </ClInclude>
    <ClInclude Include="..\Public\Level_GamePlay.h">
      <Filter>01.Levels\02.GamePlay</Filter>
    </ClInclude>
    <ClInclude Include="..\public\Loader.h">
      <Filter>01.Levels\00.Loading\Loader</Filter>
    </ClInclude>
    <ClInclude Include="..\public\BackGround.h">
      <Filter>02.GameObjects\BackGround</Filter>
    </ClInclude>
    <ClInclude Include="..\Public\CubeTerrain.h">
      <Filter>02.GameObjects\Terrain</Filter>
    </ClInclude>
    <ClInclude Include="..\Public\Camera_Free.h">
      <Filter>02.GameObjects\Camera</Filter>
    </ClInclude>
    <ClInclude Include="..\Public\Camera_Trace.h">
      <Filter>02.GameObjects\Camera</Filter>
    </ClInclude>
    <ClInclude Include="..\Public\Level_Home.h">
      <Filter>01.Levels</Filter>
    </ClInclude>
    <ClInclude Include="..\Public\Player.h">
      <Filter>02.GameObjects</Filter>
    </ClInclude>
    <ClInclude Include="..\Public\UIPanel.h">
      <Filter>02.GameObjects\UI</Filter>
    </ClInclude>
    <ClInclude Include="..\Public\Canvas.h">
      <Filter>02.GameObjects\UI</Filter>
    </ClInclude>
    <ClInclude Include="..\Public\Item.h" />
    <ClInclude Include="..\Public\UIButton.h">
      <Filter>02.GameObjects\UI</Filter>
    </ClInclude>
    <ClInclude Include="..\Public\UIItemIndicator.h">
      <Filter>02.GameObjects\UI</Filter>
    </ClInclude>
    <ClInclude Include="..\Public\UIHomeDialog.h">
      <Filter>02.GameObjects\UI</Filter>
    </ClInclude>
    <ClInclude Include="..\Public\TerrainObject.h">
      <Filter>02.GameObjects\Terrain</Filter>
    </ClInclude>
    <ClInclude Include="..\Public\Terrain.h">
      <Filter>02.GameObjects\Terrain</Filter>
    </ClInclude>
    <ClInclude Include="Client_Utility.h">
      <Filter>99.Defines</Filter>
    </ClInclude>
    <ClInclude Include="..\Public\UIListItemEntry.h">
      <Filter>02.GameObjects\UI</Filter>
    </ClInclude>
    <ClInclude Include="..\Public\UIList.h">
      <Filter>02.GameObjects\UI</Filter>
    </ClInclude>
    <ClInclude Include="..\Public\Builder.h">
      <Filter>02.GameObjects</Filter>
    </ClInclude>
    <ClInclude Include="..\Public\ModelObject.h">
      <Filter>02.GameObjects</Filter>
    </ClInclude>
    <ClInclude Include="..\Public\MyTransform.h">
      <Filter>Component</Filter>
    </ClInclude>
    <ClInclude Include="..\Public\CreateObjEvent.h">
      <Filter>Event</Filter>
    </ClInclude>
    <ClInclude Include="..\Public\DeadObjEvent.h">
      <Filter>Event</Filter>
    </ClInclude>
    <ClInclude Include="..\Public\ItemDataBase.h">
      <Filter>Event</Filter>
    </ClInclude>
    <ClInclude Include="..\Public\LevelChangeEvent.h">
      <Filter>Event</Filter>
    </ClInclude>
    <ClInclude Include="..\Public\UIInventory.h" />
    <ClInclude Include="..\Public\Skill.h" />
    <ClInclude Include="..\Public\SkillManager.h" />
    <ClInclude Include="..\Public\MagicClaw.h" />
    <ClInclude Include="..\Public\UIQuickSlot.h" />
    <ClInclude Include="..\Public\UIListSelector.h" />
    <ClInclude Include="..\Public\Character.h" />
    <ClInclude Include="..\Public\BuildPreview.h" />
    <ClInclude Include="..\Public\BoneModelObject.h" />
    <ClInclude Include="..\Public\Weapon.h" />
    <ClInclude Include="..\Public\Face.h" />
    <ClInclude Include="..\Public\FaceTexture.h" />
    <ClInclude Include="..\Public\HumanModelObject.h" />
    <ClInclude Include="..\Public\Inventory.h" />
    <ClInclude Include="..\Public\InvenSlot.h" />
    <ClInclude Include="..\Public\UIInvenSlot.h" />
    <ClInclude Include="..\Public\SlotItem.h" />
    <ClInclude Include="..\Public\UISlot.h" />
    <ClInclude Include="..\Public\InvenEquipSlot.h" />
    <ClInclude Include="..\Public\PlayerInfo.h" />
    <ClInclude Include="..\Public\PlayerEquipSlot.h" />
    <ClInclude Include="..\Public\Bayar.h" />
    <ClInclude Include="..\Public\UIContainer.h" />
    <ClInclude Include="..\Public\UIQuickSlotBundle.h" />
    <ClInclude Include="..\Public\UIBundle.h" />
    <ClInclude Include="..\Public\Monster.h" />
    <ClInclude Include="..\Public\MonsterDataBase.h" />
    <ClInclude Include="..\Public\Status.h" />
    <ClInclude Include="..\Public\UIBar.h" />
    <ClInclude Include="..\Public\Teleport.h" />
    <ClInclude Include="..\Public\BasicAttack.h" />
    <ClInclude Include="..\Public\Bullet.h" />
    <ClInclude Include="..\Public\Bullet_MagicClaw.h" />
    <ClInclude Include="..\Public\Spawner.h" />
    <ClInclude Include="..\Public\MonsterSpawner.h" />
    <ClInclude Include="..\Public\Portal.h" />
    <ClInclude Include="..\Public\Interactable.h" />
    <ClInclude Include="..\Public\PortalTerrainObject.h" />
    <ClInclude Include="..\Public\WayFinder.h" />
  </ItemGroup>
  <ItemGroup>
    <ClCompile Include="Client.cpp">
      <Filter>98.Default</Filter>
    </ClCompile>
    <ClCompile Include="stdafx.cpp">
      <Filter>98.Default</Filter>
    </ClCompile>
    <ClCompile Include="..\private\MainApp.cpp">
      <Filter>00.MainApp</Filter>
    </ClCompile>
    <ClCompile Include="..\private\Level_Loading.cpp">
      <Filter>01.Levels\00.Loading</Filter>
    </ClCompile>
    <ClCompile Include="..\Private\Level_Logo.cpp">
      <Filter>01.Levels\01.Logo</Filter>
    </ClCompile>
    <ClCompile Include="..\Private\Level_GamePlay.cpp">
      <Filter>01.Levels\02.GamePlay</Filter>
    </ClCompile>
    <ClCompile Include="..\private\Loader.cpp">
      <Filter>01.Levels\00.Loading\Loader</Filter>
    </ClCompile>
    <ClCompile Include="..\private\BackGround.cpp">
      <Filter>02.GameObjects\BackGround</Filter>
    </ClCompile>
    <ClCompile Include="..\Private\CubeTerrain.cpp">
      <Filter>02.GameObjects\Terrain</Filter>
    </ClCompile>
    <ClCompile Include="..\Private\Camera_Free.cpp">
      <Filter>02.GameObjects\Camera</Filter>
    </ClCompile>
    <ClCompile Include="..\Private\Camera_Trace.cpp">
      <Filter>02.GameObjects\Camera</Filter>
    </ClCompile>
    <ClCompile Include="..\Private\Level_Home.cpp">
      <Filter>01.Levels</Filter>
    </ClCompile>
    <ClCompile Include="..\Private\Player.cpp">
      <Filter>02.GameObjects</Filter>
    </ClCompile>
    <ClCompile Include="..\Private\UIPanel.cpp">
      <Filter>02.GameObjects\UI</Filter>
    </ClCompile>
    <ClCompile Include="..\Private\Canvas.cpp">
      <Filter>02.GameObjects\UI</Filter>
    </ClCompile>
    <ClCompile Include="..\Private\Item.cpp" />
    <ClCompile Include="..\Private\UIButton.cpp">
      <Filter>02.GameObjects\UI</Filter>
    </ClCompile>
    <ClCompile Include="..\Public\UIItemIndicator.cpp">
      <Filter>02.GameObjects\UI</Filter>
    </ClCompile>
    <ClCompile Include="..\Private\UIHomeDialog.cpp">
      <Filter>02.GameObjects\UI</Filter>
    </ClCompile>
    <ClCompile Include="..\Private\TerrainObject.cpp">
      <Filter>02.GameObjects\Terrain</Filter>
    </ClCompile>
    <ClCompile Include="..\Private\Terrain.cpp">
      <Filter>02.GameObjects\Terrain</Filter>
    </ClCompile>
    <ClCompile Include="Client_Utility.cpp">
      <Filter>99.Defines</Filter>
    </ClCompile>
    <ClCompile Include="..\Private\UIListItemEntry.cpp">
      <Filter>02.GameObjects\UI</Filter>
    </ClCompile>
    <ClCompile Include="..\Private\UIList.cpp">
      <Filter>02.GameObjects\UI</Filter>
    </ClCompile>
    <ClCompile Include="..\Private\Builder.cpp">
      <Filter>02.GameObjects</Filter>
    </ClCompile>
    <ClCompile Include="..\Private\ModelObject.cpp">
      <Filter>02.GameObjects</Filter>
    </ClCompile>
    <ClCompile Include="..\Private\MyTransform.cpp">
      <Filter>Component</Filter>
    </ClCompile>
    <ClCompile Include="..\Private\CreateObjEvent.cpp">
      <Filter>Event</Filter>
    </ClCompile>
    <ClCompile Include="..\Private\DeadObjEvent.cpp">
      <Filter>Event</Filter>
    </ClCompile>
    <ClCompile Include="..\Private\ItemDataBase.cpp">
      <Filter>Event</Filter>
    </ClCompile>
    <ClCompile Include="..\Private\LevelChangeEvent.cpp">
      <Filter>Event</Filter>
    </ClCompile>
    <ClCompile Include="..\Private\UIInventory.cpp" />
    <ClCompile Include="..\Private\Skill.cpp" />
    <ClCompile Include="..\Private\SkillManager.cpp" />
    <ClCompile Include="..\Private\MagicClaw.cpp" />
    <ClCompile Include="..\Private\UIQuickSlot.cpp" />
    <ClCompile Include="..\Private\UIListSelector.cpp" />
    <ClCompile Include="..\Private\Character.cpp" />
    <ClCompile Include="..\Private\BuildPreview.cpp" />
    <ClCompile Include="..\Private\BoneModelObject.cpp" />
    <ClCompile Include="..\Private\Weapon.cpp" />
    <ClCompile Include="..\Private\Face.cpp" />
    <ClCompile Include="..\Private\FaceTexture.cpp" />
    <ClCompile Include="..\Private\HumanModelObject.cpp" />
    <ClCompile Include="..\Private\Inventory.cpp" />
    <ClCompile Include="..\Private\InvenSlot.cpp" />
    <ClCompile Include="..\Private\UIInvenSlot.cpp" />
    <ClCompile Include="..\Private\SlotItem.cpp" />
    <ClCompile Include="..\Private\UISlot.cpp" />
    <ClCompile Include="..\Private\InvenEquipSlot.cpp" />
    <ClCompile Include="..\Private\PlayerInfo.cpp" />
    <ClCompile Include="..\Private\PlayerEquipSlot.cpp" />
    <ClCompile Include="..\Private\Bayar.cpp" />
    <ClCompile Include="..\Private\UIContainer.cpp" />
    <ClCompile Include="..\Private\UIQuickSlotBundle.cpp" />
    <ClCompile Include="..\Private\UIBundle.cpp" />
    <ClCompile Include="..\Private\Monster.cpp" />
    <ClCompile Include="..\Private\MonsterDataBase.cpp" />
    <ClCompile Include="..\Private\Status.cpp" />
    <ClCompile Include="..\Private\UIBar.cpp" />
    <ClCompile Include="..\Private\Teleport.cpp" />
    <ClCompile Include="..\Private\BasicAttack.cpp" />
    <ClCompile Include="..\Private\Bullet.cpp" />
    <ClCompile Include="..\Private\Bullet_MagicClaw.cpp" />
    <ClCompile Include="..\Private\Spawner.cpp" />
    <ClCompile Include="..\Private\MonsterSpawner.cpp" />
    <ClCompile Include="..\Private\Portal.cpp" />
    <ClCompile Include="..\Private\Interactable.cpp" />
    <ClCompile Include="..\Private\PortalTerrainObject.cpp" />
    <ClCompile Include="..\Private\WayFinder.cpp" />
  </ItemGroup>
  <ItemGroup>
    <Image Include="Client.ico">
      <Filter>98.Default</Filter>
    </Image>
    <Image Include="small.ico">
      <Filter>98.Default</Filter>
    </Image>
  </ItemGroup>
  <ItemGroup>
    <ResourceCompile Include="Client.rc">
      <Filter>98.Default</Filter>
    </ResourceCompile>
  </ItemGroup>
  <ItemGroup>
    <Text Include="ReadMe.txt">
      <Filter>98.Default</Filter>
    </Text>
  </ItemGroup>
  <ItemGroup>
    <FxCompile Include="..\Bin\ShaderFiles\Shader_VtxPosTex.hlsl">
      <Filter>97.ShaderFiles</Filter>
    </FxCompile>
    <FxCompile Include="..\Bin\ShaderFiles\Shader_VtxNorTex.hlsl">
      <Filter>97.ShaderFiles</Filter>
    </FxCompile>
    <FxCompile Include="..\Bin\ShaderFiles\Shader_VtxMesh.hlsl">
      <Filter>97.ShaderFiles</Filter>
    </FxCompile>
    <FxCompile Include="..\Bin\ShaderFiles\Shader_VtxAnimMesh.hlsl">
      <Filter>97.ShaderFiles</Filter>
    </FxCompile>
    <FxCompile Include="..\Bin\ShaderFiles\Shader_VtxHumanAnimMesh.hlsl">
      <Filter>97.ShaderFiles</Filter>
    </FxCompile>
    <FxCompile Include="..\Bin\ShaderFiles\Shader_UI.hlsl">
      <Filter>97.ShaderFiles</Filter>
    </FxCompile>
    <FxCompile Include="..\Bin\ShaderFiles\Shader_VtxEffectMesh.hlsl">
      <Filter>97.ShaderFiles</Filter>
    </FxCompile>
  </ItemGroup>
</Project>